
Microsoft Visual Studio Solution File, Format Version 12.00
# Visual Studio 15
VisualStudioVersion = 15.0.27130.2027
MinimumVisualStudioVersion = 10.0.40219.1
Project("{FAE04EC0-301F-11D3-BF4B-00C04F79EFBC}") = "Syntactical analyzer(form)", "Syntactical analyzer(form)\Syntactical analyzer(form).csproj", "{CE350399-4AD4-4A23-B49C-6897A59171CF}"
EndProject
Global
	GlobalSection(SolutionConfigurationPlatforms) = preSolution
		Debug|Any CPU = Debug|Any CPU
		Release|Any CPU = Release|Any CPU
	EndGlobalSection
	GlobalSection(ProjectConfigurationPlatforms) = postSolution
		{CE350399-4AD4-4A23-B49C-6897A59171CF}.Debug|Any CPU.ActiveCfg = Debug|Any CPU
		{CE350399-4AD4-4A23-B49C-6897A59171CF}.Debug|Any CPU.Build.0 = Debug|Any CPU
		{CE350399-4AD4-4A23-B49C-6897A59171CF}.Release|Any CPU.ActiveCfg = Release|Any CPU
		{CE350399-4AD4-4A23-B49C-6897A59171CF}.Release|Any CPU.Build.0 = Release|Any CPU
	EndGlobalSection
	GlobalSection(SolutionProperties) = preSolution
		HideSolutionNode = FALSE
	EndGlobalSection
	GlobalSection(ExtensibilityGlobals) = postSolution
		SolutionGuid = {D790F6BD-F757-492E-8B4E-A1AE07FD6FB2}
	EndGlobalSection
EndGlobal
